
Microsoft Visual Studio Solution File, Format Version 12.00
# Visual Studio Version 16
VisualStudioVersion = 16.0.30517.126
MinimumVisualStudioVersion = 10.0.40219.1
Project("{FAE04EC0-301F-11D3-BF4B-00C04F79EFBC}") = "ExamCsharp", "ExamCsharp\ExamCsharp.csproj", "{25C3E4A0-D673-47A5-90FA-1EE4C8C78F78}"
EndProject
Global
	GlobalSection(SolutionConfigurationPlatforms) = preSolution
		Debug|Any CPU = Debug|Any CPU
		Release|Any CPU = Release|Any CPU
	EndGlobalSection
	GlobalSection(ProjectConfigurationPlatforms) = postSolution
		{25C3E4A0-D673-47A5-90FA-1EE4C8C78F78}.Debug|Any CPU.ActiveCfg = Debug|Any CPU
		{25C3E4A0-D673-47A5-90FA-1EE4C8C78F78}.Debug|Any CPU.Build.0 = Debug|Any CPU
		{25C3E4A0-D673-47A5-90FA-1EE4C8C78F78}.Release|Any CPU.ActiveCfg = Release|Any CPU
		{25C3E4A0-D673-47A5-90FA-1EE4C8C78F78}.Release|Any CPU.Build.0 = Release|Any CPU
	EndGlobalSection
	GlobalSection(SolutionProperties) = preSolution
		HideSolutionNode = FALSE
	EndGlobalSection
	GlobalSection(ExtensibilityGlobals) = postSolution
		SolutionGuid = {D8CC4235-99F6-4890-B6BE-B94AEAE72E9C}
	EndGlobalSection
EndGlobal
